
Microsoft Visual Studio Solution File, Format Version 12.00
# Visual Studio Version 16
VisualStudioVersion = 16.0.29403.142
MinimumVisualStudioVersion = 10.0.40219.1
Project("{FAE04EC0-301F-11D3-BF4B-00C04F79EFBC}") = "TemaOOP1", "TemaOOP1.csproj", "{00453203-B278-457E-AF1A-855DE96243AF}"
EndProject
Global
	GlobalSection(SolutionConfigurationPlatforms) = preSolution
		Debug|Any CPU = Debug|Any CPU
		Release|Any CPU = Release|Any CPU
	EndGlobalSection
	GlobalSection(ProjectConfigurationPlatforms) = postSolution
		{00453203-B278-457E-AF1A-855DE96243AF}.Debug|Any CPU.ActiveCfg = Debug|Any CPU
		{00453203-B278-457E-AF1A-855DE96243AF}.Debug|Any CPU.Build.0 = Debug|Any CPU
		{00453203-B278-457E-AF1A-855DE96243AF}.Release|Any CPU.ActiveCfg = Release|Any CPU
		{00453203-B278-457E-AF1A-855DE96243AF}.Release|Any CPU.Build.0 = Release|Any CPU
	EndGlobalSection
	GlobalSection(SolutionProperties) = preSolution
		HideSolutionNode = FALSE
	EndGlobalSection
	GlobalSection(ExtensibilityGlobals) = postSolution
		SolutionGuid = {E7736AEF-744C-41CE-8BED-120A484FFE38}
	EndGlobalSection
EndGlobal
